
Microsoft Visual Studio Solution File, Format Version 12.00
# Visual Studio Version 16
VisualStudioVersion = 16.0.30523.141
MinimumVisualStudioVersion = 10.0.40219.1
Project("{FAE04EC0-301F-11D3-BF4B-00C04F79EFBC}") = "FireflyGuardian", "FireflyGuardian\FireflyGuardian.csproj", "{B1C300FD-0E1E-45F0-A985-D43E4F794344}"
EndProject
Global
	GlobalSection(SolutionConfigurationPlatforms) = preSolution
		Debug|Any CPU = Debug|Any CPU
		Release|Any CPU = Release|Any CPU
	EndGlobalSection
	GlobalSection(ProjectConfigurationPlatforms) = postSolution
		{B1C300FD-0E1E-45F0-A985-D43E4F794344}.Debug|Any CPU.ActiveCfg = Debug|Any CPU
		{B1C300FD-0E1E-45F0-A985-D43E4F794344}.Debug|Any CPU.Build.0 = Debug|Any CPU
		{B1C300FD-0E1E-45F0-A985-D43E4F794344}.Release|Any CPU.ActiveCfg = Release|Any CPU
		{B1C300FD-0E1E-45F0-A985-D43E4F794344}.Release|Any CPU.Build.0 = Release|Any CPU
	EndGlobalSection
	GlobalSection(SolutionProperties) = preSolution
		HideSolutionNode = FALSE
	EndGlobalSection
	GlobalSection(ExtensibilityGlobals) = postSolution
		SolutionGuid = {B2FB2C8F-C765-4EF9-ADB8-2855FC9A1A5C}
	EndGlobalSection
EndGlobal
